# This file is automatically @generated by Cargo.
# It is not intended for manual editing.
[[package]]
name = "ndi-sdk"
version = "0.1.0"
dependencies = [
 "ptrplus 1.0.0 (registry+https://github.com/rust-lang/crates.io-index)",
]

[[package]]
name = "ptrplus"
version = "1.0.0"
source = "registry+https://github.com/rust-lang/crates.io-index"

[metadata]
"checksum ptrplus 1.0.0 (registry+https://github.com/rust-lang/crates.io-index)" = "53f990683cd4072b981378e80360349b4cdf94291a4edefae901a793a30ac2d6"
